// !$*UTF8*$!
{
	archiveVersion = 1;
	classes = {
	};
	objectVersion = 50;
	objects = {

/* Begin PBXBuildFile section */
		E3524A2F20B9A571009CE1AB /* AppDelegate.swift in Sources */ = {isa = PBXBuildFile; fileRef = E3524A2E20B9A571009CE1AB /* AppDelegate.swift */; };
		E3524A3120B9A571009CE1AB /* ViewController.swift in Sources */ = {isa = PBXBuildFile; fileRef = E3524A3020B9A571009CE1AB /* ViewController.swift */; };
		E3524A3420B9A571009CE1AB /* Main.storyboard in Resources */ = {isa = PBXBuildFile; fileRef = E3524A3220B9A571009CE1AB /* Main.storyboard */; };
		E3524A3620B9A572009CE1AB /* Assets.xcassets in Resources */ = {isa = PBXBuildFile; fileRef = E3524A3520B9A572009CE1AB /* Assets.xcassets */; };
		E3524A3920B9A572009CE1AB /* LaunchScreen.storyboard in Resources */ = {isa = PBXBuildFile; fileRef = E3524A3720B9A572009CE1AB /* LaunchScreen.storyboard */; };
		F1AC6DFE20BAB57400C736EA /* UIImageExtension.swift in Sources */ = {isa = PBXBuildFile; fileRef = F1AC6DFD20BAB57400C736EA /* UIImageExtension.swift */; };
		F1AC6E0020BAB64A00C736EA /* ImageDownloader.swift in Sources */ = {isa = PBXBuildFile; fileRef = F1AC6DFF20BAB64A00C736EA /* ImageDownloader.swift */; };
		F1AC6E0220BAB84B00C736EA /* HTTP.swift in Sources */ = {isa = PBXBuildFile; fileRef = F1AC6E0120BAB84B00C736EA /* HTTP.swift */; };
/* End PBXBuildFile section */

/* Begin PBXFileReference section */
		E3524A2B20B9A571009CE1AB /* itunesapi.app */ = {isa = PBXFileReference; explicitFileType = wrapper.application; includeInIndex = 0; path = itunesapi.app; sourceTree = BUILT_PRODUCTS_DIR; };
		E3524A2E20B9A571009CE1AB /* AppDelegate.swift */ = {isa = PBXFileReference; lastKnownFileType = sourcecode.swift; path = AppDelegate.swift; sourceTree = "<group>"; };
		E3524A3020B9A571009CE1AB /* ViewController.swift */ = {isa = PBXFileReference; lastKnownFileType = sourcecode.swift; path = ViewController.swift; sourceTree = "<group>"; };
		E3524A3320B9A571009CE1AB /* Base */ = {isa = PBXFileReference; lastKnownFileType = file.storyboard; name = Base; path = Base.lproj/Main.storyboard; sourceTree = "<group>"; };
		E3524A3520B9A572009CE1AB /* Assets.xcassets */ = {isa = PBXFileReference; lastKnownFileType = folder.assetcatalog; path = Assets.xcassets; sourceTree = "<group>"; };
		E3524A3820B9A572009CE1AB /* Base */ = {isa = PBXFileReference; lastKnownFileType = file.storyboard; name = Base; path = Base.lproj/LaunchScreen.storyboard; sourceTree = "<group>"; };
		E3524A3A20B9A572009CE1AB /* Info.plist */ = {isa = PBXFileReference; lastKnownFileType = text.plist.xml; path = Info.plist; sourceTree = "<group>"; };
		F1AC6DFD20BAB57400C736EA /* UIImageExtension.swift */ = {isa = PBXFileReference; lastKnownFileType = sourcecode.swift; path = UIImageExtension.swift; sourceTree = "<group>"; };
		F1AC6DFF20BAB64A00C736EA /* ImageDownloader.swift */ = {isa = PBXFileReference; lastKnownFileType = sourcecode.swift; path = ImageDownloader.swift; sourceTree = "<group>"; };
		F1AC6E0120BAB84B00C736EA /* HTTP.swift */ = {isa = PBXFileReference; lastKnownFileType = sourcecode.swift; path = HTTP.swift; sourceTree = "<group>"; };
/* End PBXFileReference section */

/* Begin PBXFrameworksBuildPhase section */
		E3524A2820B9A571009CE1AB /* Frameworks */ = {
			isa = PBXFrameworksBuildPhase;
			buildActionMask = 2147483647;
			files = (
			);
			runOnlyForDeploymentPostprocessing = 0;
		};
/* End PBXFrameworksBuildPhase section */

/* Begin PBXGroup section */
		E3524A2220B9A571009CE1AB = {
			isa = PBXGroup;
			children = (
				E3524A2D20B9A571009CE1AB /* itunesapi */,
				E3524A2C20B9A571009CE1AB /* Products */,
			);
			sourceTree = "<group>";
		};
		E3524A2C20B9A571009CE1AB /* Products */ = {
			isa = PBXGroup;
			children = (
				E3524A2B20B9A571009CE1AB /* itunesapi.app */,
			);
			name = Products;
			sourceTree = "<group>";
		};
		E3524A2D20B9A571009CE1AB /* itunesapi */ = {
			isa = PBXGroup;
			children = (
				E3524A2E20B9A571009CE1AB /* AppDelegate.swift */,
				E3524A3020B9A571009CE1AB /* ViewController.swift */,
				E3524A3220B9A571009CE1AB /* Main.storyboard */,
				E3524A3520B9A572009CE1AB /* Assets.xcassets */,
				E3524A3720B9A572009CE1AB /* LaunchScreen.storyboard */,
				E3524A3A20B9A572009CE1AB /* Info.plist */,
				F1AC6DFD20BAB57400C736EA /* UIImageExtension.swift */,
				F1AC6DFF20BAB64A00C736EA /* ImageDownloader.swift */,
				F1AC6E0120BAB84B00C736EA /* HTTP.swift */,
			);
			path = itunesapi;
			sourceTree = "<group>";
		};
/* End PBXGroup section */

/* Begin PBXNativeTarget section */
		E3524A2A20B9A571009CE1AB /* itunesapi */ = {
			isa = PBXNativeTarget;
			buildConfigurationList = E3524A3D20B9A572009CE1AB /* Build configuration list for PBXNativeTarget "itunesapi" */;
			buildPhases = (
				E3524A2720B9A571009CE1AB /* Sources */,
				E3524A2820B9A571009CE1AB /* Frameworks */,
				E3524A2920B9A571009CE1AB /* Resources */,
			);
			buildRules = (
			);
			dependencies = (
			);
			name = itunesapi;
			productName = itunesapi;
			productReference = E3524A2B20B9A571009CE1AB /* itunesapi.app */;
			productType = "com.apple.product-type.application";
		};
/* End PBXNativeTarget section */

/* Begin PBXProject section */
		E3524A2320B9A571009CE1AB /* Project object */ = {
			isa = PBXProject;
			attributes = {
				LastSwiftUpdateCheck = 0930;
				LastUpgradeCheck = 0930;
				ORGANIZATIONNAME = "Kyung-gak Nam";
				TargetAttributes = {
					E3524A2A20B9A571009CE1AB = {
						CreatedOnToolsVersion = 9.3.1;
					};
				};
			};
			buildConfigurationList = E3524A2620B9A571009CE1AB /* Build configuration list for PBXProject "itunesapi" */;
			compatibilityVersion = "Xcode 9.3";
			developmentRegion = en;
			hasScannedForEncodings = 0;
			knownRegions = (
				en,
				Base,
			);
			mainGroup = E3524A2220B9A571009CE1AB;
			productRefGroup = E3524A2C20B9A571009CE1AB /* Products */;
			projectDirPath = "";
			projectRoot = "";
			targets = (
				E3524A2A20B9A571009CE1AB /* itunesapi */,
			);
		};
/* End PBXProject section */

/* Begin PBXResourcesBuildPhase section */
		E3524A2920B9A571009CE1AB /* Resources */ = {
			isa = PBXResourcesBuildPhase;
			buildActionMask = 2147483647;
			files = (
				E3524A3920B9A572009CE1AB /* LaunchScreen.storyboard in Resources */,
				E3524A3620B9A572009CE1AB /* Assets.xcassets in Resources */,
				E3524A3420B9A571009CE1AB /* Main.storyboard in Resources */,
			);
			runOnlyForDeploymentPostprocessing = 0;
		};
/* End PBXResourcesBuildPhase section */

/* Begin PBXSourcesBuildPhase section */
		E3524A2720B9A571009CE1AB /* Sources */ = {
			isa = PBXSourcesBuildPhase;
			buildActionMask = 2147483647;
			files = (
				F1AC6E0220BAB84B00C736EA /* HTTP.swift in Sources */,
				E3524A3120B9A571009CE1AB /* ViewController.swift in Sources */,
				E3524A2F20B9A571009CE1AB /* AppDelegate.swift in Sources */,
				F1AC6E0020BAB64A00C736EA /* ImageDownloader.swift in Sources */,
				F1AC6DFE20BAB57400C736EA /* UIImageExtension.swift in Sources */,
			);
			runOnlyForDeploymentPostprocessing = 0;
		};
/* End PBXSourcesBuildPhase section */

/* Begin PBXVariantGroup section */
		E3524A3220B9A571009CE1AB /* Main.storyboard */ = {
			isa = PBXVariantGroup;
			children = (
				E3524A3320B9A571009CE1AB /* Base */,
			);
			name = Main.storyboard;
			sourceTree = "<group>";
		};
		E3524A3720B9A572009CE1AB /* LaunchScreen.storyboard */ = {
			isa = PBXVariantGroup;
			children = (
				E3524A3820B9A572009CE1AB /* Base */,
			);
			name = LaunchScreen.storyboard;
			sourceTree = "<group>";
		};
/* End PBXVariantGroup section */

/* Begin XCBuildConfiguration section */
		E3524A3B20B9A572009CE1AB /* Debug */ = {
			isa = XCBuildConfiguration;
			buildSettings = {
				ALWAYS_SEARCH_USER_PATHS = NO;
				CLANG_ANALYZER_NONNULL = YES;
				CLANG_ANALYZER_NUMBER_OBJECT_CONVERSION = YES_AGGRESSIVE;
				CLANG_CXX_LANGUAGE_STANDARD = "gnu++14";
				CLANG_CXX_LIBRARY = "libc++";
				CLANG_ENABLE_MODULES = YES;
				CLANG_ENABLE_OBJC_ARC = YES;
				CLANG_ENABLE_OBJC_WEAK = YES;
				CLANG_WARN_BLOCK_CAPTURE_AUTORELEASING = YES;
				CLANG_WARN_BOOL_CONVERSION = YES;
				CLANG_WARN_COMMA = YES;
				CLANG_WARN_CONSTANT_CONVERSION = YES;
				CLANG_WARN_DEPRECATED_OBJC_IMPLEMENTATIONS = YES;
				CLANG_WARN_DIRECT_OBJC_ISA_USAGE = YES_ERROR;
				CLANG_WARN_DOCUMENTATION_COMMENTS = YES;
				CLANG_WARN_EMPTY_BODY = YES;
				CLANG_WARN_ENUM_CONVERSION = YES;
				CLANG_WARN_INFINITE_RECURSION = YES;
				CLANG_WARN_INT_CONVERSION = YES;
				CLANG_WARN_NON_LITERAL_NULL_CONVERSION = YES;
				CLANG_WARN_OBJC_IMPLICIT_RETAIN_SELF = YES;
				CLANG_WARN_OBJC_LITERAL_CONVERSION = YES;
				CLANG_WARN_OBJC_ROOT_CLASS = YES_ERROR;
				CLANG_WARN_RANGE_LOOP_ANALYSIS = YES;
				CLANG_WARN_STRICT_PROTOTYPES = YES;
				CLANG_WARN_SUSPICIOUS_MOVE = YES;
				CLANG_WARN_UNGUARDED_AVAILABILITY = YES_AGGRESSIVE;
				CLANG_WARN_UNREACHABLE_CODE = YES;
				CLANG_WARN__DUPLICATE_METHOD_MATCH = YES;
				CODE_SIGN_IDENTITY = "iPhone Developer";
				COPY_PHASE_STRIP = NO;
				DEBUG_INFORMATION_FORMAT = dwarf;
				ENABLE_STRICT_OBJC_MSGSEND = YES;
				ENABLE_TESTABILITY = YES;
				GCC_C_LANGUAGE_STANDARD = gnu11;
				GCC_DYNAMIC_NO_PIC = NO;
				GCC_NO_COMMON_BLOCKS = YES;
				GCC_OPTIMIZATION_LEVEL = 0;
				GCC_PREPROCESSOR_DEFINITIONS = (
					"DEBUG=1",
					"$(inherited)",
				);
				GCC_WARN_64_TO_32_BIT_CONVERSION = YES;
				GCC_WARN_ABOUT_RETURN_TYPE = YES_ERROR;
				GCC_WARN_UNDECLARED_SELECTOR = YES;
				GCC_WARN_UNINITIALIZED_AUTOS = YES_AGGRESSIVE;
				GCC_WARN_UNUSED_FUNCTION = YES;
				GCC_WARN_UNUSED_VARIABLE = YES;
				IPHONEOS_DEPLOYMENT_TARGET = 11.3;
				MTL_ENABLE_DEBUG_INFO = YES;
				ONLY_ACTIVE_ARCH = YES;
				SDKROOT = iphoneos;
				SWIFT_ACTIVE_COMPILATION_CONDITIONS = DEBUG;
				SWIFT_OPTIMIZATION_LEVEL = "-Onone";
			};
			name = Debug;
		};
		E3524A3C20B9A572009CE1AB /* Release */ = {
			isa = XCBuildConfiguration;
			buildSettings = {
				ALWAYS_SEARCH_USER_PATHS = NO;
				CLANG_ANALYZER_NONNULL = YES;
				CLANG_ANALYZER_NUMBER_OBJECT_CONVERSION = YES_AGGRESSIVE;
				CLANG_CXX_LANGUAGE_STANDARD = "gnu++14";
				CLANG_CXX_LIBRARY = "libc++";
				CLANG_ENABLE_MODULES = YES;
				CLANG_ENABLE_OBJC_ARC = YES;
				CLANG_ENABLE_OBJC_WEAK = YES;
				CLANG_WARN_BLOCK_CAPTURE_AUTORELEASING = YES;
				CLANG_WARN_BOOL_CONVERSION = YES;
				CLANG_WARN_COMMA = YES;
				CLANG_WARN_CONSTANT_CONVERSION = YES;
				CLANG_WARN_DEPRECATED_OBJC_IMPLEMENTATIONS = YES;
				CLANG_WARN_DIRECT_OBJC_ISA_USAGE = YES_ERROR;
				CLANG_WARN_DOCUMENTATION_COMMENTS = YES;
				CLANG_WARN_EMPTY_BODY = YES;
				CLANG_WARN_ENUM_CONVERSION = YES;
				CLANG_WARN_INFINITE_RECURSION = YES;
				CLANG_WARN_INT_CONVERSION = YES;
				CLANG_WARN_NON_LITERAL_NULL_CONVERSION = YES;
				CLANG_WARN_OBJC_IMPLICIT_RETAIN_SELF = YES;
				CLANG_WARN_OBJC_LITERAL_CONVERSION = YES;
				CLANG_WARN_OBJC_ROOT_CLASS = YES_ERROR;
				CLANG_WARN_RANGE_LOOP_ANALYSIS = YES;
				CLANG_WARN_STRICT_PROTOTYPES = YES;
				CLANG_WARN_SUSPICIOUS_MOVE = YES;
				CLANG_WARN_UNGUARDED_AVAILABILITY = YES_AGGRESSIVE;
				CLANG_WARN_UNREACHABLE_CODE = YES;
				CLANG_WARN__DUPLICATE_METHOD_MATCH = YES;
				CODE_SIGN_IDENTITY = "iPhone Developer";
				COPY_PHASE_STRIP = NO;
				DEBUG_INFORMATION_FORMAT = "dwarf-with-dsym";
				ENABLE_NS_ASSERTIONS = NO;
				ENABLE_STRICT_OBJC_MSGSEND = YES;
				GCC_C_LANGUAGE_STANDARD = gnu11;
				GCC_NO_COMMON_BLOCKS = YES;
				GCC_WARN_64_TO_32_BIT_CONVERSION = YES;
				GCC_WARN_ABOUT_RETURN_TYPE = YES_ERROR;
				GCC_WARN_UNDECLARED_SELECTOR = YES;
				GCC_WARN_UNINITIALIZED_AUTOS = YES_AGGRESSIVE;
				GCC_WARN_UNUSED_FUNCTION = YES;
				GCC_WARN_UNUSED_VARIABLE = YES;
				IPHONEOS_DEPLOYMENT_TARGET = 11.3;
				MTL_ENABLE_DEBUG_INFO = NO;
				SDKROOT = iphoneos;
				SWIFT_COMPILATION_MODE = wholemodule;
				SWIFT_OPTIMIZATION_LEVEL = "-O";
				VALIDATE_PRODUCT = YES;
			};
			name = Release;
		};
		E3524A3E20B9A572009CE1AB /* Debug */ = {
			isa = XCBuildConfiguration;
			buildSettings = {
				ASSETCATALOG_COMPILER_APPICON_NAME = AppIcon;
				CODE_SIGN_STYLE = Automatic;
				DEVELOPMENT_TEAM = N85664464U;
				INFOPLIST_FILE = itunesapi/Info.plist;
				LD_RUNPATH_SEARCH_PATHS = (
					"$(inherited)",
					"@executable_path/Frameworks",
				);
				PRODUCT_BUNDLE_IDENTIFIER = com.saturdayribbon.itunesapi;
				PRODUCT_NAME = "$(TARGET_NAME)";
				SWIFT_VERSION = 4.0;
				TARGETED_DEVICE_FAMILY = "1,2";
			};
			name = Debug;
		};
		E3524A3F20B9A572009CE1AB /* Release */ = {
			isa = XCBuildConfiguration;
			buildSettings = {
				ASSETCATALOG_COMPILER_APPICON_NAME = AppIcon;
				CODE_SIGN_STYLE = Automatic;
				DEVELOPMENT_TEAM = N85664464U;
				INFOPLIST_FILE = itunesapi/Info.plist;
				LD_RUNPATH_SEARCH_PATHS = (
					"$(inherited)",
					"@executable_path/Frameworks",
				);
				PRODUCT_BUNDLE_IDENTIFIER = com.saturdayribbon.itunesapi;
				PRODUCT_NAME = "$(TARGET_NAME)";
				SWIFT_VERSION = 4.0;
				TARGETED_DEVICE_FAMILY = "1,2";
			};
			name = Release;
		};
/* End XCBuildConfiguration section */

/* Begin XCConfigurationList section */
		E3524A2620B9A571009CE1AB /* Build configuration list for PBXProject "itunesapi" */ = {
			isa = XCConfigurationList;
			buildConfigurations = (
				E3524A3B20B9A572009CE1AB /* Debug */,
				E3524A3C20B9A572009CE1AB /* Release */,
			);
			defaultConfigurationIsVisible = 0;
			defaultConfigurationName = Release;
		};
		E3524A3D20B9A572009CE1AB /* Build configuration list for PBXNativeTarget "itunesapi" */ = {
			isa = XCConfigurationList;
			buildConfigurations = (
				E3524A3E20B9A572009CE1AB /* Debug */,
				E3524A3F20B9A572009CE1AB /* Release */,
			);
			defaultConfigurationIsVisible = 0;
			defaultConfigurationName = Release;
		};
/* End XCConfigurationList section */
	};
	rootObject = E3524A2320B9A571009CE1AB /* Project object */;
}
